// !$*UTF8*$!
{
	archiveVersion = 1;
	classes = {
	};
	objectVersion = 46;
	objects = {

/* Begin PBXBuildFile section */
		EBC955EC1B95918700699EBA /* arrayBasedQueue.cpp in Sources */ = {isa = PBXBuildFile; fileRef = EBC955EB1B95918700699EBA /* arrayBasedQueue.cpp */; };
/* End PBXBuildFile section */

/* Begin PBXCopyFilesBuildPhase section */
		EBC955DF1B95917600699EBA /* CopyFiles */ = {
			isa = PBXCopyFilesBuildPhase;
			buildActionMask = 2147483647;
			dstPath = /usr/share/man/man1/;
			dstSubfolderSpec = 0;
			files = (
			);
			runOnlyForDeploymentPostprocessing = 1;
		};
/* End PBXCopyFilesBuildPhase section */

/* Begin PBXFileReference section */
		EBC955E11B95917600699EBA /* arrayBasedQueue */ = {isa = PBXFileReference; explicitFileType = "compiled.mach-o.executable"; includeInIndex = 0; path = arrayBasedQueue; sourceTree = BUILT_PRODUCTS_DIR; };
		EBC955EB1B95918700699EBA /* arrayBasedQueue.cpp */ = {isa = PBXFileReference; fileEncoding = 4; lastKnownFileType = sourcecode.cpp.cpp; path = arrayBasedQueue.cpp; sourceTree = SOURCE_ROOT; };
/* End PBXFileReference section */

/* Begin PBXFrameworksBuildPhase section */
		EBC955DE1B95917600699EBA /* Frameworks */ = {
			isa = PBXFrameworksBuildPhase;
			buildActionMask = 2147483647;
			files = (
			);
			runOnlyForDeploymentPostprocessing = 0;
		};
/* End PBXFrameworksBuildPhase section */

/* Begin PBXGroup section */
		EBC955D81B95917600699EBA = {
			isa = PBXGroup;
			children = (
				EBC955E31B95917600699EBA /* arrayBasedQueue */,
				EBC955E21B95917600699EBA /* Products */,
			);
			sourceTree = "<group>";
		};
		EBC955E21B95917600699EBA /* Products */ = {
			isa = PBXGroup;
			children = (
				EBC955E11B95917600699EBA /* arrayBasedQueue */,
			);
			name = Products;
			sourceTree = "<group>";
		};
		EBC955E31B95917600699EBA /* arrayBasedQueue */ = {
			isa = PBXGroup;
			children = (
				EBC955EB1B95918700699EBA /* arrayBasedQueue.cpp */,
			);
			path = arrayBasedQueue;
			sourceTree = "<group>";
		};
/* End PBXGroup section */

/* Begin PBXNativeTarget section */
		EBC955E01B95917600699EBA /* arrayBasedQueue */ = {
			isa = PBXNativeTarget;
			buildConfigurationList = EBC955E81B95917600699EBA /* Build configuration list for PBXNativeTarget "arrayBasedQueue" */;
			buildPhases = (
				EBC955DD1B95917600699EBA /* Sources */,
				EBC955DE1B95917600699EBA /* Frameworks */,
				EBC955DF1B95917600699EBA /* CopyFiles */,
			);
			buildRules = (
			);
			dependencies = (
			);
			name = arrayBasedQueue;
			productName = arrayBasedQueue;
			productReference = EBC955E11B95917600699EBA /* arrayBasedQueue */;
			productType = "com.apple.product-type.tool";
		};
/* End PBXNativeTarget section */

/* Begin PBXProject section */
		EBC955D91B95917600699EBA /* Project object */ = {
			isa = PBXProject;
			attributes = {
				LastUpgradeCheck = 0640;
				ORGANIZATIONNAME = wangbo;
				TargetAttributes = {
					EBC955E01B95917600699EBA = {
						CreatedOnToolsVersion = 6.4;
					};
				};
			};
			buildConfigurationList = EBC955DC1B95917600699EBA /* Build configuration list for PBXProject "arrayBasedQueue" */;
			compatibilityVersion = "Xcode 3.2";
			developmentRegion = English;
			hasScannedForEncodings = 0;
			knownRegions = (
				en,
			);
			mainGroup = EBC955D81B95917600699EBA;
			productRefGroup = EBC955E21B95917600699EBA /* Products */;
			projectDirPath = "";
			projectRoot = "";
			targets = (
				EBC955E01B95917600699EBA /* arrayBasedQueue */,
			);
		};
/* End PBXProject section */

/* Begin PBXSourcesBuildPhase section */
		EBC955DD1B95917600699EBA /* Sources */ = {
			isa = PBXSourcesBuildPhase;
			buildActionMask = 2147483647;
			files = (
				EBC955EC1B95918700699EBA /* arrayBasedQueue.cpp in Sources */,
			);
			runOnlyForDeploymentPostprocessing = 0;
		};
/* End PBXSourcesBuildPhase section */

/* Begin XCBuildConfiguration section */
		EBC955E61B95917600699EBA /* Debug */ = {
			isa = XCBuildConfiguration;
			buildSettings = {
				ALWAYS_SEARCH_USER_PATHS = NO;
				CLANG_CXX_LANGUAGE_STANDARD = "gnu++0x";
				CLANG_CXX_LIBRARY = "libc++";
				CLANG_ENABLE_MODULES = YES;
				CLANG_ENABLE_OBJC_ARC = YES;
				CLANG_WARN_BOOL_CONVERSION = YES;
				CLANG_WARN_CONSTANT_CONVERSION = YES;
				CLANG_WARN_DIRECT_OBJC_ISA_USAGE = YES_ERROR;
				CLANG_WARN_EMPTY_BODY = YES;
				CLANG_WARN_ENUM_CONVERSION = YES;
				CLANG_WARN_INT_CONVERSION = YES;
				CLANG_WARN_OBJC_ROOT_CLASS = YES_ERROR;
				CLANG_WARN_UNREACHABLE_CODE = YES;
				CLANG_WARN__DUPLICATE_METHOD_MATCH = YES;
				COPY_PHASE_STRIP = NO;
				DEBUG_INFORMATION_FORMAT = dwarf;
				ENABLE_STRICT_OBJC_MSGSEND = YES;
				GCC_C_LANGUAGE_STANDARD = gnu99;
				GCC_DYNAMIC_NO_PIC = NO;
				GCC_NO_COMMON_BLOCKS = YES;
				GCC_OPTIMIZATION_LEVEL = 0;
				GCC_PREPROCESSOR_DEFINITIONS = (
					"DEBUG=1",
					"$(inherited)",
				);
				GCC_SYMBOLS_PRIVATE_EXTERN = NO;
				GCC_WARN_64_TO_32_BIT_CONVERSION = YES;
				GCC_WARN_ABOUT_RETURN_TYPE = YES_ERROR;
				GCC_WARN_UNDECLARED_SELECTOR = YES;
				GCC_WARN_UNINITIALIZED_AUTOS = YES_AGGRESSIVE;
				GCC_WARN_UNUSED_FUNCTION = YES;
				GCC_WARN_UNUSED_VARIABLE = YES;
				MACOSX_DEPLOYMENT_TARGET = 10.10;
				MTL_ENABLE_DEBUG_INFO = YES;
				ONLY_ACTIVE_ARCH = YES;
				SDKROOT = macosx;
			};
			name = Debug;
		};
		EBC955E71B95917600699EBA /* Release */ = {
			isa = XCBuildConfiguration;
			buildSettings = {
				ALWAYS_SEARCH_USER_PATHS = NO;
				CLANG_CXX_LANGUAGE_STANDARD = "gnu++0x";
				CLANG_CXX_LIBRARY = "libc++";
				CLANG_ENABLE_MODULES = YES;
				CLANG_ENABLE_OBJC_ARC = YES;
				CLANG_WARN_BOOL_CONVERSION = YES;
				CLANG_WARN_CONSTANT_CONVERSION = YES;
				CLANG_WARN_DIRECT_OBJC_ISA_USAGE = YES_ERROR;
				CLANG_WARN_EMPTY_BODY = YES;
				CLANG_WARN_ENUM_CONVERSION = YES;
				CLANG_WARN_INT_CONVERSION = YES;
				CLANG_WARN_OBJC_ROOT_CLASS = YES_ERROR;
				CLANG_WARN_UNREACHABLE_CODE = YES;
				CLANG_WARN__DUPLICATE_METHOD_MATCH = YES;
				COPY_PHASE_STRIP = NO;
				DEBUG_INFORMATION_FORMAT = "dwarf-with-dsym";
				ENABLE_NS_ASSERTIONS = NO;
				ENABLE_STRICT_OBJC_MSGSEND = YES;
				GCC_C_LANGUAGE_STANDARD = gnu99;
				GCC_NO_COMMON_BLOCKS = YES;
				GCC_WARN_64_TO_32_BIT_CONVERSION = YES;
				GCC_WARN_ABOUT_RETURN_TYPE = YES_ERROR;
				GCC_WARN_UNDECLARED_SELECTOR = YES;
				GCC_WARN_UNINITIALIZED_AUTOS = YES_AGGRESSIVE;
				GCC_WARN_UNUSED_FUNCTION = YES;
				GCC_WARN_UNUSED_VARIABLE = YES;
				MACOSX_DEPLOYMENT_TARGET = 10.10;
				MTL_ENABLE_DEBUG_INFO = NO;
				SDKROOT = macosx;
			};
			name = Release;
		};
		EBC955E91B95917600699EBA /* Debug */ = {
			isa = XCBuildConfiguration;
			buildSettings = {
				PRODUCT_NAME = "$(TARGET_NAME)";
			};
			name = Debug;
		};
		EBC955EA1B95917600699EBA /* Release */ = {
			isa = XCBuildConfiguration;
			buildSettings = {
				PRODUCT_NAME = "$(TARGET_NAME)";
			};
			name = Release;
		};
/* End XCBuildConfiguration section */

/* Begin XCConfigurationList section */
		EBC955DC1B95917600699EBA /* Build configuration list for PBXProject "arrayBasedQueue" */ = {
			isa = XCConfigurationList;
			buildConfigurations = (
				EBC955E61B95917600699EBA /* Debug */,
				EBC955E71B95917600699EBA /* Release */,
			);
			defaultConfigurationIsVisible = 0;
			defaultConfigurationName = Release;
		};
		EBC955E81B95917600699EBA /* Build configuration list for PBXNativeTarget "arrayBasedQueue" */ = {
			isa = XCConfigurationList;
			buildConfigurations = (
				EBC955E91B95917600699EBA /* Debug */,
				EBC955EA1B95917600699EBA /* Release */,
			);
			defaultConfigurationIsVisible = 0;
		};
/* End XCConfigurationList section */
	};
	rootObject = EBC955D91B95917600699EBA /* Project object */;
}
